
Microsoft Visual Studio Solution File, Format Version 12.00
# Visual Studio Version 16
VisualStudioVersion = 16.0.29806.167
MinimumVisualStudioVersion = 10.0.40219.1
Project("{FAE04EC0-301F-11D3-BF4B-00C04F79EFBC}") = "Datastrukturer03UI", "Datastrukturer03UI\Datastrukturer03UI.csproj", "{89C191A1-E2EF-406B-A482-60355E51FD1B}"
EndProject
Project("{FAE04EC0-301F-11D3-BF4B-00C04F79EFBC}") = "Testing", "Testing\Testing.csproj", "{F7E9FF11-0B0E-49F5-AA08-1473FA3E5160}"
EndProject
Project("{FAE04EC0-301F-11D3-BF4B-00C04F79EFBC}") = "ClassLibraryDat03", "ClassLibraryDat03\ClassLibraryDat03.csproj", "{09C13DD5-56C9-4372-94A7-3B5CB6A7AA17}"
EndProject
Global
	GlobalSection(SolutionConfigurationPlatforms) = preSolution
		Debug|Any CPU = Debug|Any CPU
		Release|Any CPU = Release|Any CPU
	EndGlobalSection
	GlobalSection(ProjectConfigurationPlatforms) = postSolution
		{89C191A1-E2EF-406B-A482-60355E51FD1B}.Debug|Any CPU.ActiveCfg = Debug|Any CPU
		{89C191A1-E2EF-406B-A482-60355E51FD1B}.Debug|Any CPU.Build.0 = Debug|Any CPU
		{89C191A1-E2EF-406B-A482-60355E51FD1B}.Release|Any CPU.ActiveCfg = Release|Any CPU
		{89C191A1-E2EF-406B-A482-60355E51FD1B}.Release|Any CPU.Build.0 = Release|Any CPU
		{F7E9FF11-0B0E-49F5-AA08-1473FA3E5160}.Debug|Any CPU.ActiveCfg = Debug|Any CPU
		{F7E9FF11-0B0E-49F5-AA08-1473FA3E5160}.Debug|Any CPU.Build.0 = Debug|Any CPU
		{F7E9FF11-0B0E-49F5-AA08-1473FA3E5160}.Release|Any CPU.ActiveCfg = Release|Any CPU
		{F7E9FF11-0B0E-49F5-AA08-1473FA3E5160}.Release|Any CPU.Build.0 = Release|Any CPU
		{09C13DD5-56C9-4372-94A7-3B5CB6A7AA17}.Debug|Any CPU.ActiveCfg = Debug|Any CPU
		{09C13DD5-56C9-4372-94A7-3B5CB6A7AA17}.Debug|Any CPU.Build.0 = Debug|Any CPU
		{09C13DD5-56C9-4372-94A7-3B5CB6A7AA17}.Release|Any CPU.ActiveCfg = Release|Any CPU
		{09C13DD5-56C9-4372-94A7-3B5CB6A7AA17}.Release|Any CPU.Build.0 = Release|Any CPU
	EndGlobalSection
	GlobalSection(SolutionProperties) = preSolution
		HideSolutionNode = FALSE
	EndGlobalSection
	GlobalSection(ExtensibilityGlobals) = postSolution
		SolutionGuid = {927F5171-454C-472C-96BA-5FD047D8CC95}
	EndGlobalSection
EndGlobal
